
Microsoft Visual Studio Solution File, Format Version 12.00
Project("{FAE04EC0-301F-11D3-BF4B-00C04F79EFBC}") = "NanosSharp", "NanosSharp\NanosSharp.csproj", "{4E839E78-A751-43EB-87CA-2695B0A51EB3}"
EndProject
Project("{FAE04EC0-301F-11D3-BF4B-00C04F79EFBC}") = "NanosSharp.API", "NanosSharp.API\NanosSharp.API.csproj", "{B02B493D-79B2-43FB-9E14-ADFFB9E222BE}"
EndProject
Project("{FAE04EC0-301F-11D3-BF4B-00C04F79EFBC}") = "NanosSharp.TestModule", "NanosSharp.TestModule\NanosSharp.TestModule.csproj", "{152284D1-F395-4EC4-86B3-77A2FD7A6D05}"
EndProject
Project("{FAE04EC0-301F-11D3-BF4B-00C04F79EFBC}") = "NanosSharp.Server", "NanosSharp.Server\NanosSharp.Server.csproj", "{9625EF47-828C-491B-AEE4-AE4E2ADF5400}"
EndProject
Project("{FAE04EC0-301F-11D3-BF4B-00C04F79EFBC}") = "NanosSharp.Server.Bindings", "NanosSharp.Server.Bindings\NanosSharp.Server.Bindings.csproj", "{87F8B28C-D569-400A-A373-5CD1C833E99C}"
EndProject
Project("{FAE04EC0-301F-11D3-BF4B-00C04F79EFBC}") = "NanosSharp.Server.Bindings.Generator", "NanosSharp.Server.Bindings.Generator\NanosSharp.Server.Bindings.Generator.csproj", "{C5870F1B-155A-4D48-A468-066C3546D823}"
EndProject
Project("{FAE04EC0-301F-11D3-BF4B-00C04F79EFBC}") = "NanosSharp.Client", "NanosSharp.Client\NanosSharp.Client.csproj", "{1D789C42-C8BE-476A-B1F4-04DEC3B925BB}"
EndProject
Project("{FAE04EC0-301F-11D3-BF4B-00C04F79EFBC}") = "NanosSharp.Client.API", "NanosSharp.Client.API\NanosSharp.Client.API.csproj", "{B11542B2-4BE3-482D-9BE6-222565BF5BAB}"
EndProject
Project("{FAE04EC0-301F-11D3-BF4B-00C04F79EFBC}") = "NanosSharpServerTest", "NanosSharpServerTest\NanosSharpServerTest.csproj", "{5C44B97C-ED62-434B-8A53-537D7DCD171F}"
EndProject
Global
	GlobalSection(SolutionConfigurationPlatforms) = preSolution
		Debug|Any CPU = Debug|Any CPU
		Release|Any CPU = Release|Any CPU
	EndGlobalSection
	GlobalSection(ProjectConfigurationPlatforms) = postSolution
		{4E839E78-A751-43EB-87CA-2695B0A51EB3}.Debug|Any CPU.ActiveCfg = Debug|Any CPU
		{4E839E78-A751-43EB-87CA-2695B0A51EB3}.Debug|Any CPU.Build.0 = Debug|Any CPU
		{4E839E78-A751-43EB-87CA-2695B0A51EB3}.Release|Any CPU.ActiveCfg = Release|Any CPU
		{4E839E78-A751-43EB-87CA-2695B0A51EB3}.Release|Any CPU.Build.0 = Release|Any CPU
		{B02B493D-79B2-43FB-9E14-ADFFB9E222BE}.Debug|Any CPU.ActiveCfg = Debug|Any CPU
		{B02B493D-79B2-43FB-9E14-ADFFB9E222BE}.Debug|Any CPU.Build.0 = Debug|Any CPU
		{B02B493D-79B2-43FB-9E14-ADFFB9E222BE}.Release|Any CPU.ActiveCfg = Release|Any CPU
		{B02B493D-79B2-43FB-9E14-ADFFB9E222BE}.Release|Any CPU.Build.0 = Release|Any CPU
		{152284D1-F395-4EC4-86B3-77A2FD7A6D05}.Debug|Any CPU.ActiveCfg = Debug|Any CPU
		{152284D1-F395-4EC4-86B3-77A2FD7A6D05}.Debug|Any CPU.Build.0 = Debug|Any CPU
		{152284D1-F395-4EC4-86B3-77A2FD7A6D05}.Release|Any CPU.ActiveCfg = Release|Any CPU
		{152284D1-F395-4EC4-86B3-77A2FD7A6D05}.Release|Any CPU.Build.0 = Release|Any CPU
		{9625EF47-828C-491B-AEE4-AE4E2ADF5400}.Debug|Any CPU.ActiveCfg = Debug|Any CPU
		{9625EF47-828C-491B-AEE4-AE4E2ADF5400}.Debug|Any CPU.Build.0 = Debug|Any CPU
		{9625EF47-828C-491B-AEE4-AE4E2ADF5400}.Release|Any CPU.ActiveCfg = Release|Any CPU
		{9625EF47-828C-491B-AEE4-AE4E2ADF5400}.Release|Any CPU.Build.0 = Release|Any CPU
		{87F8B28C-D569-400A-A373-5CD1C833E99C}.Debug|Any CPU.ActiveCfg = Debug|Any CPU
		{87F8B28C-D569-400A-A373-5CD1C833E99C}.Debug|Any CPU.Build.0 = Debug|Any CPU
		{87F8B28C-D569-400A-A373-5CD1C833E99C}.Release|Any CPU.ActiveCfg = Release|Any CPU
		{87F8B28C-D569-400A-A373-5CD1C833E99C}.Release|Any CPU.Build.0 = Release|Any CPU
		{C5870F1B-155A-4D48-A468-066C3546D823}.Debug|Any CPU.ActiveCfg = Debug|Any CPU
		{C5870F1B-155A-4D48-A468-066C3546D823}.Debug|Any CPU.Build.0 = Debug|Any CPU
		{C5870F1B-155A-4D48-A468-066C3546D823}.Release|Any CPU.ActiveCfg = Release|Any CPU
		{C5870F1B-155A-4D48-A468-066C3546D823}.Release|Any CPU.Build.0 = Release|Any CPU
		{1D789C42-C8BE-476A-B1F4-04DEC3B925BB}.Debug|Any CPU.ActiveCfg = Debug|Any CPU
		{1D789C42-C8BE-476A-B1F4-04DEC3B925BB}.Debug|Any CPU.Build.0 = Debug|Any CPU
		{1D789C42-C8BE-476A-B1F4-04DEC3B925BB}.Release|Any CPU.ActiveCfg = Release|Any CPU
		{1D789C42-C8BE-476A-B1F4-04DEC3B925BB}.Release|Any CPU.Build.0 = Release|Any CPU
		{B11542B2-4BE3-482D-9BE6-222565BF5BAB}.Debug|Any CPU.ActiveCfg = Debug|Any CPU
		{B11542B2-4BE3-482D-9BE6-222565BF5BAB}.Debug|Any CPU.Build.0 = Debug|Any CPU
		{B11542B2-4BE3-482D-9BE6-222565BF5BAB}.Release|Any CPU.ActiveCfg = Release|Any CPU
		{B11542B2-4BE3-482D-9BE6-222565BF5BAB}.Release|Any CPU.Build.0 = Release|Any CPU
		{5C44B97C-ED62-434B-8A53-537D7DCD171F}.Debug|Any CPU.ActiveCfg = Debug|Any CPU
		{5C44B97C-ED62-434B-8A53-537D7DCD171F}.Debug|Any CPU.Build.0 = Debug|Any CPU
		{5C44B97C-ED62-434B-8A53-537D7DCD171F}.Release|Any CPU.ActiveCfg = Release|Any CPU
		{5C44B97C-ED62-434B-8A53-537D7DCD171F}.Release|Any CPU.Build.0 = Release|Any CPU
	EndGlobalSection
EndGlobal
